
Microsoft Visual Studio Solution File, Format Version 12.00
# Visual Studio Version 17
VisualStudioVersion = 17.14.36518.9 d17.14
MinimumVisualStudioVersion = 10.0.40219.1
Project("{FAE04EC0-301F-11D3-BF4B-00C04F79EFBC}") = "WpfSaveImage", "WpfSaveImage\WpfSaveImage.csproj", "{10952BE1-8029-4BCC-901E-7957D86CAC75}"
EndProject
Global
	GlobalSection(SolutionConfigurationPlatforms) = preSolution
		Debug|Any CPU = Debug|Any CPU
		Release|Any CPU = Release|Any CPU
	EndGlobalSection
	GlobalSection(ProjectConfigurationPlatforms) = postSolution
		{10952BE1-8029-4BCC-901E-7957D86CAC75}.Debug|Any CPU.ActiveCfg = Debug|Any CPU
		{10952BE1-8029-4BCC-901E-7957D86CAC75}.Debug|Any CPU.Build.0 = Debug|Any CPU
		{10952BE1-8029-4BCC-901E-7957D86CAC75}.Release|Any CPU.ActiveCfg = Release|Any CPU
		{10952BE1-8029-4BCC-901E-7957D86CAC75}.Release|Any CPU.Build.0 = Release|Any CPU
	EndGlobalSection
	GlobalSection(SolutionProperties) = preSolution
		HideSolutionNode = FALSE
	EndGlobalSection
	GlobalSection(ExtensibilityGlobals) = postSolution
		SolutionGuid = {50E88E9D-0749-49B8-B58C-CD7641442F27}
	EndGlobalSection
EndGlobal
